// !$*UTF8*$!
{
	archiveVersion = 1;
	classes = {
	};
	objectVersion = 50;
	objects = {

/* Begin PBXBuildFile section */
		AE1B2C3D26CD872600581B55 /* MainScreen.swift in Sources */ = {isa = PBXBuildFile; fileRef = AE1B2C3C26CD872600581B55 /* MainScreen.swift */; };
		AE3D41DF26CCFCDB00DED78B /* HomeScreen.swift in Sources */ = {isa = PBXBuildFile; fileRef = AE3D41DE26CCFCDB00DED78B /* HomeScreen.swift */; };
		AED3B41226CE38EC00A36E83 /* RecentTransactions.swift in Sources */ = {isa = PBXBuildFile; fileRef = AED3B41126CE38EC00A36E83 /* RecentTransactions.swift */; };
		AED3B41426CE718500A36E83 /* ApiManager.swift in Sources */ = {isa = PBXBuildFile; fileRef = AED3B41326CE718500A36E83 /* ApiManager.swift */; };
		AED3B41626CE730F00A36E83 /* MessageModel.swift in Sources */ = {isa = PBXBuildFile; fileRef = AED3B41526CE730F00A36E83 /* MessageModel.swift */; };
		AED3B41826CE761700A36E83 /* Wrapper.swift in Sources */ = {isa = PBXBuildFile; fileRef = AED3B41726CE761700A36E83 /* Wrapper.swift */; };
		AED3B41A26CE7B0B00A36E83 /* CredentialsModel.swift in Sources */ = {isa = PBXBuildFile; fileRef = AED3B41926CE7B0B00A36E83 /* CredentialsModel.swift */; };
		AEDD52F026CA810300FCC61C /* FinanceAppTemplateApp.swift in Sources */ = {isa = PBXBuildFile; fileRef = AEDD52EF26CA810300FCC61C /* FinanceAppTemplateApp.swift */; };
		AEDD52F226CA810300FCC61C /* ContentView.swift in Sources */ = {isa = PBXBuildFile; fileRef = AEDD52F126CA810300FCC61C /* ContentView.swift */; };
		AEDD52F426CA810700FCC61C /* Assets.xcassets in Resources */ = {isa = PBXBuildFile; fileRef = AEDD52F326CA810700FCC61C /* Assets.xcassets */; };
		AEDD52F726CA810700FCC61C /* Preview Assets.xcassets in Resources */ = {isa = PBXBuildFile; fileRef = AEDD52F626CA810700FCC61C /* Preview Assets.xcassets */; };
		AEDD52FF26CA8B3500FCC61C /* LoginScreen.swift in Sources */ = {isa = PBXBuildFile; fileRef = AEDD52FE26CA8B3500FCC61C /* LoginScreen.swift */; };
		AEDD530126CA8D1900FCC61C /* ScreenSize.swift in Sources */ = {isa = PBXBuildFile; fileRef = AEDD530026CA8D1900FCC61C /* ScreenSize.swift */; };
		AEDD530326CAB6F400FCC61C /* KeyboardHeight.swift in Sources */ = {isa = PBXBuildFile; fileRef = AEDD530226CAB6F400FCC61C /* KeyboardHeight.swift */; };
/* End PBXBuildFile section */

/* Begin PBXFileReference section */
		AE1B2C3C26CD872600581B55 /* MainScreen.swift */ = {isa = PBXFileReference; lastKnownFileType = sourcecode.swift; path = MainScreen.swift; sourceTree = "<group>"; };
		AE3D41DE26CCFCDB00DED78B /* HomeScreen.swift */ = {isa = PBXFileReference; lastKnownFileType = sourcecode.swift; path = HomeScreen.swift; sourceTree = "<group>"; };
		AED3B41126CE38EC00A36E83 /* RecentTransactions.swift */ = {isa = PBXFileReference; lastKnownFileType = sourcecode.swift; path = RecentTransactions.swift; sourceTree = "<group>"; };
		AED3B41326CE718500A36E83 /* ApiManager.swift */ = {isa = PBXFileReference; lastKnownFileType = sourcecode.swift; path = ApiManager.swift; sourceTree = "<group>"; };
		AED3B41526CE730F00A36E83 /* MessageModel.swift */ = {isa = PBXFileReference; lastKnownFileType = sourcecode.swift; path = MessageModel.swift; sourceTree = "<group>"; };
		AED3B41726CE761700A36E83 /* Wrapper.swift */ = {isa = PBXFileReference; lastKnownFileType = sourcecode.swift; path = Wrapper.swift; sourceTree = "<group>"; };
		AED3B41926CE7B0B00A36E83 /* CredentialsModel.swift */ = {isa = PBXFileReference; lastKnownFileType = sourcecode.swift; path = CredentialsModel.swift; sourceTree = "<group>"; };
		AEDD52EC26CA810300FCC61C /* FinanceAppTemplate.app */ = {isa = PBXFileReference; explicitFileType = wrapper.application; includeInIndex = 0; path = FinanceAppTemplate.app; sourceTree = BUILT_PRODUCTS_DIR; };
		AEDD52EF26CA810300FCC61C /* FinanceAppTemplateApp.swift */ = {isa = PBXFileReference; lastKnownFileType = sourcecode.swift; path = FinanceAppTemplateApp.swift; sourceTree = "<group>"; };
		AEDD52F126CA810300FCC61C /* ContentView.swift */ = {isa = PBXFileReference; lastKnownFileType = sourcecode.swift; path = ContentView.swift; sourceTree = "<group>"; };
		AEDD52F326CA810700FCC61C /* Assets.xcassets */ = {isa = PBXFileReference; lastKnownFileType = folder.assetcatalog; path = Assets.xcassets; sourceTree = "<group>"; };
		AEDD52F626CA810700FCC61C /* Preview Assets.xcassets */ = {isa = PBXFileReference; lastKnownFileType = folder.assetcatalog; path = "Preview Assets.xcassets"; sourceTree = "<group>"; };
		AEDD52F826CA810700FCC61C /* Info.plist */ = {isa = PBXFileReference; lastKnownFileType = text.plist.xml; path = Info.plist; sourceTree = "<group>"; };
		AEDD52FE26CA8B3500FCC61C /* LoginScreen.swift */ = {isa = PBXFileReference; lastKnownFileType = sourcecode.swift; path = LoginScreen.swift; sourceTree = "<group>"; };
		AEDD530026CA8D1900FCC61C /* ScreenSize.swift */ = {isa = PBXFileReference; lastKnownFileType = sourcecode.swift; path = ScreenSize.swift; sourceTree = "<group>"; };
		AEDD530226CAB6F400FCC61C /* KeyboardHeight.swift */ = {isa = PBXFileReference; lastKnownFileType = sourcecode.swift; path = KeyboardHeight.swift; sourceTree = "<group>"; };
/* End PBXFileReference section */

/* Begin PBXFrameworksBuildPhase section */
		AEDD52E926CA810300FCC61C /* Frameworks */ = {
			isa = PBXFrameworksBuildPhase;
			buildActionMask = 2147483647;
			files = (
			);
			runOnlyForDeploymentPostprocessing = 0;
		};
/* End PBXFrameworksBuildPhase section */

/* Begin PBXGroup section */
		AEDD52E326CA810200FCC61C = {
			isa = PBXGroup;
			children = (
				AEDD52EE26CA810300FCC61C /* FinanceAppTemplate */,
				AEDD52ED26CA810300FCC61C /* Products */,
			);
			sourceTree = "<group>";
		};
		AEDD52ED26CA810300FCC61C /* Products */ = {
			isa = PBXGroup;
			children = (
				AEDD52EC26CA810300FCC61C /* FinanceAppTemplate.app */,
			);
			name = Products;
			sourceTree = "<group>";
		};
		AEDD52EE26CA810300FCC61C /* FinanceAppTemplate */ = {
			isa = PBXGroup;
			children = (
				AEDD52EF26CA810300FCC61C /* FinanceAppTemplateApp.swift */,
				AEDD52F126CA810300FCC61C /* ContentView.swift */,
				AEDD52F326CA810700FCC61C /* Assets.xcassets */,
				AEDD52F826CA810700FCC61C /* Info.plist */,
				AEDD52F526CA810700FCC61C /* Preview Content */,
				AEDD52FE26CA8B3500FCC61C /* LoginScreen.swift */,
				AEDD530026CA8D1900FCC61C /* ScreenSize.swift */,
				AEDD530226CAB6F400FCC61C /* KeyboardHeight.swift */,
				AE3D41DE26CCFCDB00DED78B /* HomeScreen.swift */,
				AE1B2C3C26CD872600581B55 /* MainScreen.swift */,
				AED3B41126CE38EC00A36E83 /* RecentTransactions.swift */,
				AED3B41326CE718500A36E83 /* ApiManager.swift */,
				AED3B41526CE730F00A36E83 /* MessageModel.swift */,
				AED3B41726CE761700A36E83 /* Wrapper.swift */,
				AED3B41926CE7B0B00A36E83 /* CredentialsModel.swift */,
			);
			path = FinanceAppTemplate;
			sourceTree = "<group>";
		};
		AEDD52F526CA810700FCC61C /* Preview Content */ = {
			isa = PBXGroup;
			children = (
				AEDD52F626CA810700FCC61C /* Preview Assets.xcassets */,
			);
			path = "Preview Content";
			sourceTree = "<group>";
		};
/* End PBXGroup section */

/* Begin PBXNativeTarget section */
		AEDD52EB26CA810300FCC61C /* FinanceAppTemplate */ = {
			isa = PBXNativeTarget;
			buildConfigurationList = AEDD52FB26CA810700FCC61C /* Build configuration list for PBXNativeTarget "FinanceAppTemplate" */;
			buildPhases = (
				AEDD52E826CA810300FCC61C /* Sources */,
				AEDD52E926CA810300FCC61C /* Frameworks */,
				AEDD52EA26CA810300FCC61C /* Resources */,
			);
			buildRules = (
			);
			dependencies = (
			);
			name = FinanceAppTemplate;
			productName = FinanceAppTemplate;
			productReference = AEDD52EC26CA810300FCC61C /* FinanceAppTemplate.app */;
			productType = "com.apple.product-type.application";
		};
/* End PBXNativeTarget section */

/* Begin PBXProject section */
		AEDD52E426CA810200FCC61C /* Project object */ = {
			isa = PBXProject;
			attributes = {
				LastSwiftUpdateCheck = 1250;
				LastUpgradeCheck = 1250;
				TargetAttributes = {
					AEDD52EB26CA810300FCC61C = {
						CreatedOnToolsVersion = 12.5.1;
					};
				};
			};
			buildConfigurationList = AEDD52E726CA810200FCC61C /* Build configuration list for PBXProject "FinanceAppTemplate" */;
			compatibilityVersion = "Xcode 9.3";
			developmentRegion = en;
			hasScannedForEncodings = 0;
			knownRegions = (
				en,
				Base,
			);
			mainGroup = AEDD52E326CA810200FCC61C;
			productRefGroup = AEDD52ED26CA810300FCC61C /* Products */;
			projectDirPath = "";
			projectRoot = "";
			targets = (
				AEDD52EB26CA810300FCC61C /* FinanceAppTemplate */,
			);
		};
/* End PBXProject section */

/* Begin PBXResourcesBuildPhase section */
		AEDD52EA26CA810300FCC61C /* Resources */ = {
			isa = PBXResourcesBuildPhase;
			buildActionMask = 2147483647;
			files = (
				AEDD52F726CA810700FCC61C /* Preview Assets.xcassets in Resources */,
				AEDD52F426CA810700FCC61C /* Assets.xcassets in Resources */,
			);
			runOnlyForDeploymentPostprocessing = 0;
		};
/* End PBXResourcesBuildPhase section */

/* Begin PBXSourcesBuildPhase section */
		AEDD52E826CA810300FCC61C /* Sources */ = {
			isa = PBXSourcesBuildPhase;
			buildActionMask = 2147483647;
			files = (
				AED3B41A26CE7B0B00A36E83 /* CredentialsModel.swift in Sources */,
				AEDD530326CAB6F400FCC61C /* KeyboardHeight.swift in Sources */,
				AED3B41426CE718500A36E83 /* ApiManager.swift in Sources */,
				AE1B2C3D26CD872600581B55 /* MainScreen.swift in Sources */,
				AEDD52F226CA810300FCC61C /* ContentView.swift in Sources */,
				AE3D41DF26CCFCDB00DED78B /* HomeScreen.swift in Sources */,
				AED3B41626CE730F00A36E83 /* MessageModel.swift in Sources */,
				AEDD52F026CA810300FCC61C /* FinanceAppTemplateApp.swift in Sources */,
				AED3B41226CE38EC00A36E83 /* RecentTransactions.swift in Sources */,
				AED3B41826CE761700A36E83 /* Wrapper.swift in Sources */,
				AEDD530126CA8D1900FCC61C /* ScreenSize.swift in Sources */,
				AEDD52FF26CA8B3500FCC61C /* LoginScreen.swift in Sources */,
			);
			runOnlyForDeploymentPostprocessing = 0;
		};
/* End PBXSourcesBuildPhase section */

/* Begin XCBuildConfiguration section */
		AEDD52F926CA810700FCC61C /* Debug */ = {
			isa = XCBuildConfiguration;
			buildSettings = {
				ALWAYS_SEARCH_USER_PATHS = NO;
				CLANG_ANALYZER_NONNULL = YES;
				CLANG_ANALYZER_NUMBER_OBJECT_CONVERSION = YES_AGGRESSIVE;
				CLANG_CXX_LANGUAGE_STANDARD = "gnu++14";
				CLANG_CXX_LIBRARY = "libc++";
				CLANG_ENABLE_MODULES = YES;
				CLANG_ENABLE_OBJC_ARC = YES;
				CLANG_ENABLE_OBJC_WEAK = YES;
				CLANG_WARN_BLOCK_CAPTURE_AUTORELEASING = YES;
				CLANG_WARN_BOOL_CONVERSION = YES;
				CLANG_WARN_COMMA = YES;
				CLANG_WARN_CONSTANT_CONVERSION = YES;
				CLANG_WARN_DEPRECATED_OBJC_IMPLEMENTATIONS = YES;
				CLANG_WARN_DIRECT_OBJC_ISA_USAGE = YES_ERROR;
				CLANG_WARN_DOCUMENTATION_COMMENTS = YES;
				CLANG_WARN_EMPTY_BODY = YES;
				CLANG_WARN_ENUM_CONVERSION = YES;
				CLANG_WARN_INFINITE_RECURSION = YES;
				CLANG_WARN_INT_CONVERSION = YES;
				CLANG_WARN_NON_LITERAL_NULL_CONVERSION = YES;
				CLANG_WARN_OBJC_IMPLICIT_RETAIN_SELF = YES;
				CLANG_WARN_OBJC_LITERAL_CONVERSION = YES;
				CLANG_WARN_OBJC_ROOT_CLASS = YES_ERROR;
				CLANG_WARN_QUOTED_INCLUDE_IN_FRAMEWORK_HEADER = YES;
				CLANG_WARN_RANGE_LOOP_ANALYSIS = YES;
				CLANG_WARN_STRICT_PROTOTYPES = YES;
				CLANG_WARN_SUSPICIOUS_MOVE = YES;
				CLANG_WARN_UNGUARDED_AVAILABILITY = YES_AGGRESSIVE;
				CLANG_WARN_UNREACHABLE_CODE = YES;
				CLANG_WARN__DUPLICATE_METHOD_MATCH = YES;
				COPY_PHASE_STRIP = NO;
				DEBUG_INFORMATION_FORMAT = dwarf;
				ENABLE_STRICT_OBJC_MSGSEND = YES;
				ENABLE_TESTABILITY = YES;
				GCC_C_LANGUAGE_STANDARD = gnu11;
				GCC_DYNAMIC_NO_PIC = NO;
				GCC_NO_COMMON_BLOCKS = YES;
				GCC_OPTIMIZATION_LEVEL = 0;
				GCC_PREPROCESSOR_DEFINITIONS = (
					"DEBUG=1",
					"$(inherited)",
				);
				GCC_WARN_64_TO_32_BIT_CONVERSION = YES;
				GCC_WARN_ABOUT_RETURN_TYPE = YES_ERROR;
				GCC_WARN_UNDECLARED_SELECTOR = YES;
				GCC_WARN_UNINITIALIZED_AUTOS = YES_AGGRESSIVE;
				GCC_WARN_UNUSED_FUNCTION = YES;
				GCC_WARN_UNUSED_VARIABLE = YES;
				IPHONEOS_DEPLOYMENT_TARGET = 14.5;
				MTL_ENABLE_DEBUG_INFO = INCLUDE_SOURCE;
				MTL_FAST_MATH = YES;
				ONLY_ACTIVE_ARCH = YES;
				SDKROOT = iphoneos;
				SWIFT_ACTIVE_COMPILATION_CONDITIONS = DEBUG;
				SWIFT_OPTIMIZATION_LEVEL = "-Onone";
			};
			name = Debug;
		};
		AEDD52FA26CA810700FCC61C /* Release */ = {
			isa = XCBuildConfiguration;
			buildSettings = {
				ALWAYS_SEARCH_USER_PATHS = NO;
				CLANG_ANALYZER_NONNULL = YES;
				CLANG_ANALYZER_NUMBER_OBJECT_CONVERSION = YES_AGGRESSIVE;
				CLANG_CXX_LANGUAGE_STANDARD = "gnu++14";
				CLANG_CXX_LIBRARY = "libc++";
				CLANG_ENABLE_MODULES = YES;
				CLANG_ENABLE_OBJC_ARC = YES;
				CLANG_ENABLE_OBJC_WEAK = YES;
				CLANG_WARN_BLOCK_CAPTURE_AUTORELEASING = YES;
				CLANG_WARN_BOOL_CONVERSION = YES;
				CLANG_WARN_COMMA = YES;
				CLANG_WARN_CONSTANT_CONVERSION = YES;
				CLANG_WARN_DEPRECATED_OBJC_IMPLEMENTATIONS = YES;
				CLANG_WARN_DIRECT_OBJC_ISA_USAGE = YES_ERROR;
				CLANG_WARN_DOCUMENTATION_COMMENTS = YES;
				CLANG_WARN_EMPTY_BODY = YES;
				CLANG_WARN_ENUM_CONVERSION = YES;
				CLANG_WARN_INFINITE_RECURSION = YES;
				CLANG_WARN_INT_CONVERSION = YES;
				CLANG_WARN_NON_LITERAL_NULL_CONVERSION = YES;
				CLANG_WARN_OBJC_IMPLICIT_RETAIN_SELF = YES;
				CLANG_WARN_OBJC_LITERAL_CONVERSION = YES;
				CLANG_WARN_OBJC_ROOT_CLASS = YES_ERROR;
				CLANG_WARN_QUOTED_INCLUDE_IN_FRAMEWORK_HEADER = YES;
				CLANG_WARN_RANGE_LOOP_ANALYSIS = YES;
				CLANG_WARN_STRICT_PROTOTYPES = YES;
				CLANG_WARN_SUSPICIOUS_MOVE = YES;
				CLANG_WARN_UNGUARDED_AVAILABILITY = YES_AGGRESSIVE;
				CLANG_WARN_UNREACHABLE_CODE = YES;
				CLANG_WARN__DUPLICATE_METHOD_MATCH = YES;
				COPY_PHASE_STRIP = NO;
				DEBUG_INFORMATION_FORMAT = "dwarf-with-dsym";
				ENABLE_NS_ASSERTIONS = NO;
				ENABLE_STRICT_OBJC_MSGSEND = YES;
				GCC_C_LANGUAGE_STANDARD = gnu11;
				GCC_NO_COMMON_BLOCKS = YES;
				GCC_WARN_64_TO_32_BIT_CONVERSION = YES;
				GCC_WARN_ABOUT_RETURN_TYPE = YES_ERROR;
				GCC_WARN_UNDECLARED_SELECTOR = YES;
				GCC_WARN_UNINITIALIZED_AUTOS = YES_AGGRESSIVE;
				GCC_WARN_UNUSED_FUNCTION = YES;
				GCC_WARN_UNUSED_VARIABLE = YES;
				IPHONEOS_DEPLOYMENT_TARGET = 14.5;
				MTL_ENABLE_DEBUG_INFO = NO;
				MTL_FAST_MATH = YES;
				SDKROOT = iphoneos;
				SWIFT_COMPILATION_MODE = wholemodule;
				SWIFT_OPTIMIZATION_LEVEL = "-O";
				VALIDATE_PRODUCT = YES;
			};
			name = Release;
		};
		AEDD52FC26CA810700FCC61C /* Debug */ = {
			isa = XCBuildConfiguration;
			buildSettings = {
				ASSETCATALOG_COMPILER_APPICON_NAME = AppIcon;
				ASSETCATALOG_COMPILER_GLOBAL_ACCENT_COLOR_NAME = AccentColor;
				CODE_SIGN_STYLE = Automatic;
				DEVELOPMENT_ASSET_PATHS = "\"FinanceAppTemplate/Preview Content\"";
				DEVELOPMENT_TEAM = L5PQJ6HLF3;
				ENABLE_PREVIEWS = YES;
				INFOPLIST_FILE = FinanceAppTemplate/Info.plist;
				IPHONEOS_DEPLOYMENT_TARGET = 14.5;
				LD_RUNPATH_SEARCH_PATHS = (
					"$(inherited)",
					"@executable_path/Frameworks",
				);
				PRODUCT_BUNDLE_IDENTIFIER = com.hyandrdos.FinanceAppTemplate;
				PRODUCT_NAME = "$(TARGET_NAME)";
				SWIFT_VERSION = 5.0;
				TARGETED_DEVICE_FAMILY = "1,2";
			};
			name = Debug;
		};
		AEDD52FD26CA810700FCC61C /* Release */ = {
			isa = XCBuildConfiguration;
			buildSettings = {
				ASSETCATALOG_COMPILER_APPICON_NAME = AppIcon;
				ASSETCATALOG_COMPILER_GLOBAL_ACCENT_COLOR_NAME = AccentColor;
				CODE_SIGN_STYLE = Automatic;
				DEVELOPMENT_ASSET_PATHS = "\"FinanceAppTemplate/Preview Content\"";
				DEVELOPMENT_TEAM = L5PQJ6HLF3;
				ENABLE_PREVIEWS = YES;
				INFOPLIST_FILE = FinanceAppTemplate/Info.plist;
				IPHONEOS_DEPLOYMENT_TARGET = 14.5;
				LD_RUNPATH_SEARCH_PATHS = (
					"$(inherited)",
					"@executable_path/Frameworks",
				);
				PRODUCT_BUNDLE_IDENTIFIER = com.hyandrdos.FinanceAppTemplate;
				PRODUCT_NAME = "$(TARGET_NAME)";
				SWIFT_VERSION = 5.0;
				TARGETED_DEVICE_FAMILY = "1,2";
			};
			name = Release;
		};
/* End XCBuildConfiguration section */

/* Begin XCConfigurationList section */
		AEDD52E726CA810200FCC61C /* Build configuration list for PBXProject "FinanceAppTemplate" */ = {
			isa = XCConfigurationList;
			buildConfigurations = (
				AEDD52F926CA810700FCC61C /* Debug */,
				AEDD52FA26CA810700FCC61C /* Release */,
			);
			defaultConfigurationIsVisible = 0;
			defaultConfigurationName = Release;
		};
		AEDD52FB26CA810700FCC61C /* Build configuration list for PBXNativeTarget "FinanceAppTemplate" */ = {
			isa = XCConfigurationList;
			buildConfigurations = (
				AEDD52FC26CA810700FCC61C /* Debug */,
				AEDD52FD26CA810700FCC61C /* Release */,
			);
			defaultConfigurationIsVisible = 0;
			defaultConfigurationName = Release;
		};
/* End XCConfigurationList section */
	};
	rootObject = AEDD52E426CA810200FCC61C /* Project object */;
}
